
Microsoft Visual Studio Solution File, Format Version 12.00
# Visual Studio Version 17
VisualStudioVersion = 17.3.32929.385
MinimumVisualStudioVersion = 10.0.40219.1
Project("{FAE04EC0-301F-11D3-BF4B-00C04F79EFBC}") = "07. Min Number", "07. Min Number.csproj", "{AD125D9D-572F-41DA-BBB3-CF6403B6F988}"
EndProject
Global
	GlobalSection(SolutionConfigurationPlatforms) = preSolution
		Debug|Any CPU = Debug|Any CPU
		Release|Any CPU = Release|Any CPU
	EndGlobalSection
	GlobalSection(ProjectConfigurationPlatforms) = postSolution
		{AD125D9D-572F-41DA-BBB3-CF6403B6F988}.Debug|Any CPU.ActiveCfg = Debug|Any CPU
		{AD125D9D-572F-41DA-BBB3-CF6403B6F988}.Debug|Any CPU.Build.0 = Debug|Any CPU
		{AD125D9D-572F-41DA-BBB3-CF6403B6F988}.Release|Any CPU.ActiveCfg = Release|Any CPU
		{AD125D9D-572F-41DA-BBB3-CF6403B6F988}.Release|Any CPU.Build.0 = Release|Any CPU
	EndGlobalSection
	GlobalSection(SolutionProperties) = preSolution
		HideSolutionNode = FALSE
	EndGlobalSection
	GlobalSection(ExtensibilityGlobals) = postSolution
		SolutionGuid = {2BECC6D5-DD1B-4309-AF09-A255B213AE85}
	EndGlobalSection
EndGlobal
